{
    "_meta": {
        "hash": {
            "sha256": "f75c1a2890f87cd337f94e51438fa3bb14b96a400e213f5e4bc802e91e8e5078"
        },
        "pipfile-spec": 6,
        "requires": {
            "python_version": "3.6"
        },
        "sources": [
            {
                "name": "pypi",
                "url": "https://pypi.org/simple",
                "verify_ssl": true
            }
        ]
    },
    "default": {
        "beautifulsoup4": {
            "hashes": [
                "sha256:58d5c3d29f5a36ffeb94f02f0d786cd53014cf9b3b3951d42e0080d8a9498d30",
                "sha256:ad9aa55b65ef2808eb405f46cf74df7fcb7044d5cbc26487f96eb2ef2e436693"
            ],
            "markers": "python_version >= '3.6'",
            "version": "==4.11.1"
        },
        "certifi": {
            "hashes": [
                "sha256:84c85a9078b11105f04f3036a9482ae10e4621616db313fe045dd24743a0820d",
                "sha256:fe86415d55e84719d75f8b69414f6438ac3547d2078ab91b67e779ef69378412"
            ],
            "markers": "python_version >= '3.6'",
            "version": "==2022.6.15"
        },
        "charset-normalizer": {
            "hashes": [
                "sha256:2857e29ff0d34db842cd7ca3230549d1a697f96ee6d3fb071cfa6c7393832597",
                "sha256:6881edbebdb17b39b4eaaa821b438bf6eddffb4468cf344f09f89def34a8b1df"
            ],
            "markers": "python_version >= '3'",
            "version": "==2.0.12"
        },
        "click": {
            "hashes": [
                "sha256:6a7a62563bbfabfda3a38f3023a1db4a35978c0abd76f6c9605ecd6554d6d9b1",
                "sha256:8458d7b1287c5fb128c90e23381cf99dcde74beaf6c7ff6384ce84d6fe090adb"
            ],
            "markers": "python_version >= '3.6'",
            "version": "==8.0.4"
        },
        "cssselect": {
            "hashes": [
                "sha256:f612ee47b749c877ebae5bb77035d8f4202c6ad0f0fc1271b3c18ad6c4468ecf",
                "sha256:f95f8dedd925fd8f54edb3d2dfb44c190d9d18512377d3c1e2388d16126879bc"
            ],
            "markers": "python_version >= '2.7' and python_version not in '3.0, 3.1, 3.2, 3.3'",
            "version": "==1.1.0"
        },
        "feedfinder2": {
            "hashes": [
                "sha256:3701ee01a6c85f8b865a049c30ba0b4608858c803fe8e30d1d289fdbe89d0efe"
            ],
            "version": "==0.0.4"
        },
        "feedparser": {
            "hashes": [
                "sha256:27da485f4637ce7163cdeab13a80312b93b7d0c1b775bef4a47629a3110bca51",
                "sha256:79c257d526d13b944e965f6095700587f27388e50ea16fd245babe4dfae7024f"
            ],
            "markers": "python_version >= '3.6'",
            "version": "==6.0.10"
        },
        "htmlmin": {
            "hashes": [
                "sha256:50c1ef4630374a5d723900096a961cff426dff46b48f34d194a81bbe14eca178"
            ],
            "index": "pypi",
            "version": "==0.1.12"
        },
        "idna": {
            "hashes": [
                "sha256:84d9dd047ffa80596e0f246e2eab0b391788b0503584e8945f2368256d2735ff",
                "sha256:9d643ff0a55b762d5cdb124b8eaa99c66322e2157b69160bc32796e824360e6d"
            ],
            "markers": "python_version >= '3.5'",
            "version": "==3.3"
        },
        "importlib-metadata": {
            "hashes": [
                "sha256:65a9576a5b2d58ca44d133c42a241905cc45e34d2c06fd5ba2bafa221e5d7b5e",
                "sha256:766abffff765960fcc18003801f7044eb6755ffae4521c8e8ce8e83b9c9b0668"
            ],
            "markers": "python_version < '3.8'",
            "version": "==4.8.3"
        },
        "jieba3k": {
            "hashes": [
                "sha256:980a4f2636b778d312518066be90c7697d410dd5a472385f5afced71a2db1c10"
            ],
            "version": "==0.35.1"
        },
        "joblib": {
            "hashes": [
                "sha256:4158fcecd13733f8be669be0683b96ebdbbd38d23559f54dca7205aea1bf1e35",
                "sha256:f21f109b3c7ff9d95f8387f752d0d9c34a02aa2f7060c2135f465da0e5160ff6"
            ],
            "markers": "python_version >= '3.6'",
            "version": "==1.1.0"
        },
        "lxml": {
            "hashes": [
                "sha256:04da965dfebb5dac2619cb90fcf93efdb35b3c6994fea58a157a834f2f94b318",
                "sha256:0538747a9d7827ce3e16a8fdd201a99e661c7dee3c96c885d8ecba3c35d1032c",
                "sha256:0645e934e940107e2fdbe7c5b6fb8ec6232444260752598bc4d09511bd056c0b",
                "sha256:079b68f197c796e42aa80b1f739f058dcee796dc725cc9a1be0cdb08fc45b000",
                "sha256:0f3f0059891d3254c7b5fb935330d6db38d6519ecd238ca4fce93c234b4a0f73",
                "sha256:10d2017f9150248563bb579cd0d07c61c58da85c922b780060dcc9a3aa9f432d",
                "sha256:1355755b62c28950f9ce123c7a41460ed9743c699905cbe664a5bcc5c9c7c7fb",
                "sha256:13c90064b224e10c14dcdf8086688d3f0e612db53766e7478d7754703295c7c8",
                "sha256:1423631e3d51008871299525b541413c9b6c6423593e89f9c4cfbe8460afc0a2",
                "sha256:1436cf0063bba7888e43f1ba8d58824f085410ea2025befe81150aceb123e345",
                "sha256:1a7c59c6ffd6ef5db362b798f350e24ab2cfa5700d53ac6681918f314a4d3b94",
                "sha256:1e1cf47774373777936c5aabad489fef7b1c087dcd1f426b621fda9dcc12994e",
                "sha256:206a51077773c6c5d2ce1991327cda719063a47adc02bd703c56a662cdb6c58b",
                "sha256:21fb3d24ab430fc538a96e9fbb9b150029914805d551deeac7d7822f64631dfc",
                "sha256:27e590352c76156f50f538dbcebd1925317a0f70540f7dc8c97d2931c595783a",
                "sha256:287605bede6bd36e930577c5925fcea17cb30453d96a7b4c63c14a257118dbb9",
                "sha256:2aaf6a0a6465d39b5ca69688fce82d20088c1838534982996ec46633dc7ad6cc",
                "sha256:32a73c53783becdb7eaf75a2a1525ea8e49379fb7248c3eeefb9412123536387",
                "sha256:41fb58868b816c202e8881fd0f179a4644ce6e7cbbb248ef0283a34b73ec73bb",
                "sha256:4780677767dd52b99f0af1f123bc2c22873d30b474aa0e2fc3fe5e02217687c7",
                "sha256:4878e667ebabe9b65e785ac8da4d48886fe81193a84bbe49f12acff8f7a383a4",
                "sha256:487c8e61d7acc50b8be82bda8c8d21d20e133c3cbf41bd8ad7eb1aaeb3f07c97",
                "sha256:4beea0f31491bc086991b97517b9683e5cfb369205dac0148ef685ac12a20a67",
                "sha256:4cfbe42c686f33944e12f45a27d25a492cc0e43e1dc1da5d6a87cbcaf2e95627",
                "sha256:4d5bae0a37af799207140652a700f21a85946f107a199bcb06720b13a4f1f0b7",
                "sha256:4e285b5f2bf321fc0857b491b5028c5f276ec0c873b985d58d7748ece1d770dd",
                "sha256:57e4d637258703d14171b54203fd6822fda218c6c2658a7d30816b10995f29f3",
                "sha256:5974895115737a74a00b321e339b9c3f45c20275d226398ae79ac008d908bff7",
                "sha256:5ef87fca280fb15342726bd5f980f6faf8b84a5287fcc2d4962ea8af88b35130",
                "sha256:603a464c2e67d8a546ddaa206d98e3246e5db05594b97db844c2f0a1af37cf5b",
                "sha256:6653071f4f9bac46fbc30f3c7838b0e9063ee335908c5d61fb7a4a86c8fd2036",
                "sha256:6ca2264f341dd81e41f3fffecec6e446aa2121e0b8d026fb5130e02de1402785",
                "sha256:6d279033bf614953c3fc4a0aa9ac33a21e8044ca72d4fa8b9273fe75359d5cca",
                "sha256:6d949f53ad4fc7cf02c44d6678e7ff05ec5f5552b235b9e136bd52e9bf730b91",
                "sha256:6daa662aba22ef3258934105be2dd9afa5bb45748f4f702a3b39a5bf53a1f4dc",
                "sha256:6eafc048ea3f1b3c136c71a86db393be36b5b3d9c87b1c25204e7d397cee9536",
                "sha256:830c88747dce8a3e7525defa68afd742b4580df6aa2fdd6f0855481e3994d391",
                "sha256:86e92728ef3fc842c50a5cb1d5ba2bc66db7da08a7af53fb3da79e202d1b2cd3",
                "sha256:8caf4d16b31961e964c62194ea3e26a0e9561cdf72eecb1781458b67ec83423d",
                "sha256:8d1a92d8e90b286d491e5626af53afef2ba04da33e82e30744795c71880eaa21",
                "sha256:8f0a4d179c9a941eb80c3a63cdb495e539e064f8054230844dcf2fcb812b71d3",
                "sha256:9232b09f5efee6a495a99ae6824881940d6447debe272ea400c02e3b68aad85d",
                "sha256:927a9dd016d6033bc12e0bf5dee1dde140235fc8d0d51099353c76081c03dc29",
                "sha256:93e414e3206779ef41e5ff2448067213febf260ba747fc65389a3ddaa3fb8715",
                "sha256:98cafc618614d72b02185ac583c6f7796202062c41d2eeecdf07820bad3295ed",
                "sha256:9c3a88d20e4fe4a2a4a84bf439a5ac9c9aba400b85244c63a1ab7088f85d9d25",
                "sha256:9f36de4cd0c262dd9927886cc2305aa3f2210db437aa4fed3fb4940b8bf4592c",
                "sha256:a60f90bba4c37962cbf210f0188ecca87daafdf60271f4c6948606e4dabf8785",
                "sha256:a614e4afed58c14254e67862456d212c4dcceebab2eaa44d627c2ca04bf86837",
                "sha256:ae06c1e4bc60ee076292e582a7512f304abdf6c70db59b56745cca1684f875a4",
                "sha256:b122a188cd292c4d2fcd78d04f863b789ef43aa129b233d7c9004de08693728b",
                "sha256:b570da8cd0012f4af9fa76a5635cd31f707473e65a5a335b186069d5c7121ff2",
                "sha256:bcaa1c495ce623966d9fc8a187da80082334236a2a1c7e141763ffaf7a405067",
                "sha256:bd34f6d1810d9354dc7e35158aa6cc33456be7706df4420819af6ed966e85448",
                "sha256:be9eb06489bc975c38706902cbc6888f39e946b81383abc2838d186f0e8b6a9d",
                "sha256:c4b2e0559b68455c085fb0f6178e9752c4be3bba104d6e881eb5573b399d1eb2",
                "sha256:c62e8dd9754b7debda0c5ba59d34509c4688f853588d75b53c3791983faa96fc",
                "sha256:c852b1530083a620cb0de5f3cd6826f19862bafeaf77586f1aef326e49d95f0c",
                "sha256:d9fc0bf3ff86c17348dfc5d322f627d78273eba545db865c3cd14b3f19e57fa5",
                "sha256:dad7b164905d3e534883281c050180afcf1e230c3d4a54e8038aa5cfcf312b84",
                "sha256:e5f66bdf0976ec667fc4594d2812a00b07ed14d1b44259d19a41ae3fff99f2b8",
                "sha256:e8f0c9d65da595cfe91713bc1222af9ecabd37971762cb830dea2fc3b3bb2acf",
                "sha256:edffbe3c510d8f4bf8640e02ca019e48a9b72357318383ca60e3330c23aaffc7",
                "sha256:eea5d6443b093e1545ad0210e6cf27f920482bfcf5c77cdc8596aec73523bb7e",
                "sha256:ef72013e20dd5ba86a8ae1aed7f56f31d3374189aa8b433e7b12ad182c0d2dfb",
                "sha256:f05251bbc2145349b8d0b77c0d4e5f3b228418807b1ee27cefb11f69ed3d233b",
                "sha256:f1be258c4d3dc609e654a1dc59d37b17d7fef05df912c01fc2e15eb43a9735f3",
                "sha256:f9ced82717c7ec65a67667bb05865ffe38af0e835cdd78728f1209c8fffe0cad",
                "sha256:fe17d10b97fdf58155f858606bddb4e037b805a60ae023c009f760d8361a4eb8",
                "sha256:fe749b052bb7233fe5d072fcb549221a8cb1a16725c47c37e42b0b9cb3ff2c3f"
            ],
            "index": "pypi",
            "version": "==4.9.1"
        },
        "newspaper3k": {
            "hashes": [
                "sha256:44a864222633d3081113d1030615991c3dbba87239f6bbf59d91240f71a22e3e",
                "sha256:9f1bd3e1fb48f400c715abf875cc7b0a67b7ddcd87f50c9aeeb8fcbbbd9004fb"
            ],
            "index": "pypi",
            "version": "==0.2.8"
        },
        "nltk": {
            "hashes": [
                "sha256:22e97be5d6c784d93a52d17860515cc50c5cfcc620b1f5c3747765041255a01e",
                "sha256:51bf1aef5304740a708be7c8e683f7798f03dc5c7a7e7feb758be9e95f4585e3"
            ],
            "markers": "python_version >= '3.6'",
            "version": "==3.6.7"
        },
        "pillow": {
            "hashes": [
                "sha256:066f3999cb3b070a95c3652712cffa1a748cd02d60ad7b4e485c3748a04d9d76",
                "sha256:0a0956fdc5defc34462bb1c765ee88d933239f9a94bc37d132004775241a7585",
                "sha256:0b052a619a8bfcf26bd8b3f48f45283f9e977890263e4571f2393ed8898d331b",
                "sha256:1394a6ad5abc838c5cd8a92c5a07535648cdf6d09e8e2d6df916dfa9ea86ead8",
                "sha256:1bc723b434fbc4ab50bb68e11e93ce5fb69866ad621e3c2c9bdb0cd70e345f55",
                "sha256:244cf3b97802c34c41905d22810846802a3329ddcb93ccc432870243211c79fc",
                "sha256:25a49dc2e2f74e65efaa32b153527fc5ac98508d502fa46e74fa4fd678ed6645",
                "sha256:2e4440b8f00f504ee4b53fe30f4e381aae30b0568193be305256b1462216feff",
                "sha256:3862b7256046fcd950618ed22d1d60b842e3a40a48236a5498746f21189afbbc",
                "sha256:3eb1ce5f65908556c2d8685a8f0a6e989d887ec4057326f6c22b24e8a172c66b",
                "sha256:3f97cfb1e5a392d75dd8b9fd274d205404729923840ca94ca45a0af57e13dbe6",
                "sha256:493cb4e415f44cd601fcec11c99836f707bb714ab03f5ed46ac25713baf0ff20",
                "sha256:4acc0985ddf39d1bc969a9220b51d94ed51695d455c228d8ac29fcdb25810e6e",
                "sha256:5503c86916d27c2e101b7f71c2ae2cddba01a2cf55b8395b0255fd33fa4d1f1a",
                "sha256:5b7bb9de00197fb4261825c15551adf7605cf14a80badf1761d61e59da347779",
                "sha256:5e9ac5f66616b87d4da618a20ab0a38324dbe88d8a39b55be8964eb520021e02",
                "sha256:620582db2a85b2df5f8a82ddeb52116560d7e5e6b055095f04ad828d1b0baa39",
                "sha256:62cc1afda735a8d109007164714e73771b499768b9bb5afcbbee9d0ff374b43f",
                "sha256:70ad9e5c6cb9b8487280a02c0ad8a51581dcbbe8484ce058477692a27c151c0a",
                "sha256:72b9e656e340447f827885b8d7a15fc8c4e68d410dc2297ef6787eec0f0ea409",
                "sha256:72cbcfd54df6caf85cc35264c77ede902452d6df41166010262374155947460c",
                "sha256:792e5c12376594bfcb986ebf3855aa4b7c225754e9a9521298e460e92fb4a488",
                "sha256:7b7017b61bbcdd7f6363aeceb881e23c46583739cb69a3ab39cb384f6ec82e5b",
                "sha256:81f8d5c81e483a9442d72d182e1fb6dcb9723f289a57e8030811bac9ea3fef8d",
                "sha256:82aafa8d5eb68c8463b6e9baeb4f19043bb31fefc03eb7b216b51e6a9981ae09",
                "sha256:84c471a734240653a0ec91dec0996696eea227eafe72a33bd06c92697728046b",
                "sha256:8c803ac3c28bbc53763e6825746f05cc407b20e4a69d0122e526a582e3b5e153",
                "sha256:93ce9e955cc95959df98505e4608ad98281fff037350d8c2671c9aa86bcf10a9",
                "sha256:9a3e5ddc44c14042f0844b8cf7d2cd455f6cc80fd7f5eefbe657292cf601d9ad",
                "sha256:a4901622493f88b1a29bd30ec1a2f683782e57c3c16a2dbc7f2595ba01f639df",
                "sha256:a5a4532a12314149d8b4e4ad8ff09dde7427731fcfa5917ff16d0291f13609df",
                "sha256:b8831cb7332eda5dc89b21a7bce7ef6ad305548820595033a4b03cf3091235ed",
                "sha256:b8e2f83c56e141920c39464b852de3719dfbfb6e3c99a2d8da0edf4fb33176ed",
                "sha256:c70e94281588ef053ae8998039610dbd71bc509e4acbc77ab59d7d2937b10698",
                "sha256:c8a17b5d948f4ceeceb66384727dde11b240736fddeda54ca740b9b8b1556b29",
                "sha256:d82cdb63100ef5eedb8391732375e6d05993b765f72cb34311fab92103314649",
                "sha256:d89363f02658e253dbd171f7c3716a5d340a24ee82d38aab9183f7fdf0cdca49",
                "sha256:d99ec152570e4196772e7a8e4ba5320d2d27bf22fdf11743dd882936ed64305b",
                "sha256:ddc4d832a0f0b4c52fff973a0d44b6c99839a9d016fe4e6a1cb8f3eea96479c2",
                "sha256:e3dacecfbeec9a33e932f00c6cd7996e62f53ad46fbe677577394aaa90ee419a",
                "sha256:eb9fc393f3c61f9054e1ed26e6fe912c7321af2f41ff49d3f83d05bacf22cc78"
            ],
            "markers": "python_version >= '3.6'",
            "version": "==8.4.0"
        },
        "praw": {
            "hashes": [
                "sha256:290bafad69f3a478f5fb64a8f8d8bfe2dab215af7e5fad7737f910e38fc6b97f",
                "sha256:79767ebeae643ea3c99016d0611bd43976ed7dbde06d6c6f60564012f8523c5b"
            ],
            "index": "pypi",
            "version": "==6.2.0"
        },
        "prawcore": {
            "hashes": [
                "sha256:1f1eafc8a65d671f9892354f73142014fbb5d3a9ee621568c662d0a354e0578b",
                "sha256:672d8a2faa12b44307874b2acfdd27f9cbaa5fa37bada4b34e36277224e6d8ed"
            ],
            "markers": "python_version >= '3.5'",
            "version": "==1.5.0"
        },
        "psaw": {
            "hashes": [
                "sha256:4c8c45a6f80e0a1f3436a1fd6685497f401248b8a119fe4a8531ad5fdb75244e"
            ],
            "index": "pypi",
            "version": "==0.0.7"
        },
        "python-dateutil": {
            "hashes": [
                "sha256:0123cacc1627ae19ddf3c27a5de5bd67ee4586fbdd6440d9748f8abb483d3e86",
                "sha256:961d03dc3453ebbc59dbdea9e4e11c5651520a876d0f4db161e8674aae935da9"
            ],
            "markers": "python_version >= '2.7' and python_version not in '3.0, 3.1, 3.2, 3.3'",
            "version": "==2.8.2"
        },
        "pyyaml": {
            "hashes": [
                "sha256:1adecc22f88d38052fb787d959f003811ca858b799590a5eaa70e63dca50308c",
                "sha256:436bc774ecf7c103814098159fbb84c2715d25980175292c648f2da143909f95",
                "sha256:460a5a4248763f6f37ea225d19d5c205677d8d525f6a83357ca622ed541830c2",
                "sha256:5a22a9c84653debfbf198d02fe592c176ea548cccce47553f35f466e15cf2fd4",
                "sha256:7a5d3f26b89d688db27822343dfa25c599627bc92093e788956372285c6298ad",
                "sha256:9372b04a02080752d9e6f990179a4ab840227c6e2ce15b95e1278456664cf2ba",
                "sha256:a5dcbebee834eaddf3fa7366316b880ff4062e4bcc9787b78c7fbb4a26ff2dd1",
                "sha256:aee5bab92a176e7cd034e57f46e9df9a9862a71f8f37cad167c6fc74c65f5b4e",
                "sha256:c51f642898c0bacd335fc119da60baae0824f2cde95b0330b56c0553439f0673",
                "sha256:c68ea4d3ba1705da1e0d85da6684ac657912679a649e8868bd850d2c299cce13",
                "sha256:e23d0cc5299223dcc37885dae624f382297717e459ea24053709675a976a3e19"
            ],
            "index": "pypi",
            "version": "==5.1"
        },
        "regex": {
            "hashes": [
                "sha256:042d122f9fee3ceb6d7e3067d56557df697d1aad4ff5f64ecce4dc13a90a7c01",
                "sha256:047b2d1323a51190c01b6604f49fe09682a5c85d3c1b2c8b67c1cd68419ce3c4",
                "sha256:0afa6a601acf3c0dc6de4e8d7d8bbce4e82f8542df746226cd35d4a6c15e9456",
                "sha256:166ae7674d0a0e0f8044e7335ba86d0716c9d49465cff1b153f908e0470b8300",
                "sha256:17443f99b8f255273731f915fdbfea4d78d809bb9c3aaf67b889039825d06515",
                "sha256:17764683ea01c2b8f103d99ae9de2473a74340df13ce306c49a721f0b1f0eb9e",
                "sha256:179410c79fa86ef318d58ace233f95b87b05a1db6dc493fa29404a43f4b215e2",
                "sha256:186c5a4a4c40621f64d771038ede20fca6c61a9faa8178f9e305aaa0c2442a97",
                "sha256:1a6f2698cfa8340dfe4c0597782776b393ba2274fe4c079900c7c74f68752705",
                "sha256:1ab5cf7d09515548044e69d3a0ec77c63d7b9dfff4afc19653f638b992573126",
                "sha256:1c1264eb40a71cf2bff43d6694ab7254438ca19ef330175060262b3c8dd3931a",
                "sha256:1fc26bb3415e7aa7495c000a2c13bf08ce037775db98c1a3fac9ff04478b6930",
                "sha256:24908aefed23dd065b4a668c0b4ca04d56b7f09d8c8e89636cf6c24e64e67a1e",
                "sha256:249437f7f5b233792234aeeecb14b0aab1566280de42dfc97c26e6f718297d68",
                "sha256:24963f0b13cc63db336d8da2a533986419890d128c551baacd934c249d51a779",
                "sha256:26dbe90b724efef7820c3cf4a0e5be7f130149f3d2762782e4e8ac2aea284a0b",
                "sha256:27624b490b5d8880f25dac67e1e2ea93dfef5300b98c6755f585799230d6c746",
                "sha256:2ac29b834100d2c171085ceba0d4a1e7046c434ddffc1434dbc7f9d59af1e945",
                "sha256:2f4c101746a8dac0401abefa716b357c546e61ea2e3d4a564a9db9eac57ccbce",
                "sha256:30637e7fa4acfed444525b1ab9683f714be617862820578c9fd4e944d4d9ad1f",
                "sha256:3adafe6f2c6d86dbf3313866b61180530ca4dcd0c264932dc8fa1ffb10871d58",
                "sha256:3b9b6289e03dbe6a6096880d8ac166cb23c38b4896ad235edee789d4e8697152",
                "sha256:3de1ecf26ce85521bf73897828b6d0687cc6cf271fb6ff32ac63d26b21f5e764",
                "sha256:48dddddce0ea7e7c3e92c1e0c5a28c13ca4dc9cf7e996c706d00479652bff76c",
                "sha256:495a4165172848503303ed05c9d0409428f789acc27050fe2cf0a4549188a7d5",
                "sha256:4a11cbe8eb5fb332ae474895b5ead99392a4ea568bd2a258ab8df883e9c2bf92",
                "sha256:4a5449adef907919d4ce7a1eab2e27d0211d1b255bf0b8f5dd330ad8707e0fc3",
                "sha256:4b8838f70be3ce9e706df9d72f88a0aa7d4c1fea61488e06fdf292ccb70ad2be",
                "sha256:4d206703a96a39763b5b45cf42645776f5553768ea7f3c2c1a39a4f59cafd4ba",
                "sha256:4d42e3b7b23473729adbf76103e7df75f9167a5a80b1257ca30688352b4bb2dc",
                "sha256:52684da32d9003367dc1a1c07e059b9bbaf135ad0764cd47d8ac3dba2df109bc",
                "sha256:53d69d77e9cfe468b000314dd656be85bb9e96de088a64f75fe128dfe1bf30dd",
                "sha256:555f7596fd1f123f8c3a67974c01d6ef80b9769e04d660d6c1a7cc3e6cff7069",
                "sha256:5aba3d13c77173e9bfed2c2cea7fc319f11c89a36fcec08755e8fb169cf3b0df",
                "sha256:5c8d61883a38b1289fba9944a19a361875b5c0170b83cdcc95ea180247c1b7d3",
                "sha256:5e201b1232d81ca1a7a22ab2f08e1eccad4e111579fd7f3bbf60b21ef4a16cea",
                "sha256:663dca677bd3d2e2b5b7d0329e9f24247e6f38f3b740dd9a778a8ef41a76af41",
                "sha256:67ae3601edf86e15ebe40885e5bfdd6002d34879070be15cf18fc0d80ea24fed",
                "sha256:68e5c641645351eb9eb12c465876e76b53717f99e9b92aea7a2dd645a87aa7aa",
                "sha256:71988a76fcb68cc091e901fddbcac0f9ad9a475da222c47d3cf8db0876cb5344",
                "sha256:775694cd0bb2c4accf2f1cdd007381b33ec8b59842736fe61bdbad45f2ac7427",
                "sha256:7f648037c503985aed39f85088acab6f1eb6a0482d7c6c665a5712c9ad9eaefc",
                "sha256:809bbbbbcf8258049b031d80932ba71627d2274029386f0452e9950bcfa2c6e8",
                "sha256:8fd5f8ae42f789538bb634bdfd69b9aa357e76fdfd7ad720f32f8994c0d84f1e",
                "sha256:933e72fbe1829cbd59da2bc51ccd73d73162f087f88521a87a8ec9cb0cf10fa8",
                "sha256:9c1f62ee2ba880e221bc950651a1a4b0176083d70a066c83a50ef0cb9b178e12",
                "sha256:9faa01818dad9111dbf2af26c6e3c45140ccbd1192c3a0981f196255bf7ec5e6",
                "sha256:a58d21dd1a2d6b50ed091554ff85e448fce3fe33a4db8b55d0eba2ca957ed626",
                "sha256:a8a08ace913c4101f0dc0be605c108a3761842efd5f41a3005565ee5d169fb2b",
                "sha256:b2932e728bee0a634fe55ee54d598054a5a9ffe4cd2be21ba2b4b8e5f8064c2c",
                "sha256:b5f759a1726b995dc896e86f17f9c0582b54eb4ead00ed5ef0b5b22260eaf2d0",
                "sha256:bc635ab319c9b515236bdf327530acda99be995f9d3b9f148ab1f60b2431e970",
                "sha256:be456b4313a86be41706319c397c09d9fdd2e5cdfde208292a277b867e99e3d1",
                "sha256:be57f9c7b0b423c66c266a26ad143b2c5514997c05dd32ce7ca95c8b209c2288",
                "sha256:c1ea28f0ee6cbe4c0367c939b015d915aa9875f6e061ba1cf0796ca9a3010570",
                "sha256:c3db393b21b53d7e1d3f881b64c29d886cbfdd3df007e31de68b329edbab7d02",
                "sha256:c400dfed4137f32127ea4063447006d7153c974c680bf0fb1b724cce9f8567fc",
                "sha256:c5429202bef174a3760690d912e3a80060b323199a61cef6c6c29b30ce09fd17",
                "sha256:c5eac5d8a8ac9ccf00805d02a968a36f5c967db6c7d2b747ab9ed782b3b3a28b",
                "sha256:c757f3a27b6345de13ef3ca956aa805d7734ce68023e84d0fc74e1f09ce66f7a",
                "sha256:ceff75127f828dfe7ceb17b94113ec2df4df274c4cd5533bb299cb099a18a8ca",
                "sha256:cff5c87e941292c97d11dc81bd20679f56a2830f0f0e32f75b8ed6e0eb40f704",
                "sha256:d70596f20a03cb5f935d6e4aad9170a490d88fc4633679bf00c652e9def4619e",
                "sha256:e7b2ff451f6c305b516281ec45425dd423223c8063218c5310d6f72a0a7a517c",
                "sha256:e85b10280cf1e334a7c95629f6cbbfe30b815a4ea5f1e28d31f79eb92c2c3d93",
                "sha256:ecd2b5d983eb0adf2049d41f95205bdc3de4e6cc2350e9c80d4409d3a75229de",
                "sha256:ed657a07d8a47ef447224ea00478f1c7095065dfe70a89e7280e5f50a5725131",
                "sha256:f43522fb5d676c99282ca4e2d41e8e2388427c0cf703db6b4a66e49b10b699a8",
                "sha256:f57823f35b18d82b201c1b27ce4e55f88e79e81d9ca07b50ce625d33823e1439",
                "sha256:f7b43acb2c46fb2cd506965b2d9cf4c5e64c9c612bac26c1187933c7296bf08c",
                "sha256:fa7c7044aabdad2329974be2246babcc21d3ede852b3971a90fd8c2056c20360",
                "sha256:fcd7c432202bcb8b642c3f43d5bcafc5930d82fe5b2bf2c008162df258445c1d",
                "sha256:fdecb225d0f1d50d4b26ac423e0032e76d46a788b83b4e299a520717a47d968c",
                "sha256:ffef4b30785dc2d1604dfb7cf9fca5dc27cd86d65f7c2a9ec34d6d3ae4565ec2"
            ],
            "markers": "python_version >= '3.6'",
            "version": "==2022.6.2"
        },
        "requests": {
            "hashes": [
                "sha256:68d7c56fd5a8999887728ef304a6d12edc7be74f1cfa47714fc8b414525c9a61",
                "sha256:f22fa1e554c9ddfd16e6e41ac79759e17be9e492b3587efa038054674760e72d"
            ],
            "markers": "python_version >= '2.7' and python_version not in '3.0, 3.1, 3.2, 3.3, 3.4, 3.5'",
            "version": "==2.27.1"
        },
        "requests-file": {
            "hashes": [
                "sha256:07d74208d3389d01c38ab89ef403af0cfec63957d53a0081d8eca738d0247d8e",
                "sha256:dfe5dae75c12481f68ba353183c53a65e6044c923e64c24b2209f6c7570ca953"
            ],
            "version": "==1.5.1"
        },
        "setuptools": {
            "hashes": [
                "sha256:22c7348c6d2976a52632c67f7ab0cdf40147db7789f9aed18734643fe9cf3373",
                "sha256:4ce92f1e1f8f01233ee9952c04f6b81d1e02939d6e1b488428154974a4d0783e"
            ],
            "markers": "python_version >= '3.6'",
            "version": "==59.6.0"
        },
        "sgmllib3k": {
            "hashes": [
                "sha256:7868fb1c8bfa764c1ac563d3cf369c381d1325d36124933a726f29fcdaa812e9"
            ],
            "version": "==1.0.0"
        },
        "six": {
            "hashes": [
                "sha256:1e61c37477a1626458e36f7b1d82aa5c9b094fa4802892072e49de9c60c4c926",
                "sha256:8abb2f1d86890a2dfb989f9a77cfcfd3e47c2a354b01111771326f8aa26e0254"
            ],
            "markers": "python_version >= '2.7' and python_version not in '3.0, 3.1, 3.2, 3.3'",
            "version": "==1.16.0"
        },
        "soupsieve": {
            "hashes": [
                "sha256:3b2503d3c7084a42b1ebd08116e5f81aadfaea95863628c80a3b774a11b7c759",
                "sha256:fc53893b3da2c33de295667a0e19f078c14bf86544af307354de5fcf12a3f30d"
            ],
            "markers": "python_version >= '3.6'",
            "version": "==2.3.2.post1"
        },
        "tinysegmenter": {
            "hashes": [
                "sha256:ed1f6d2e806a4758a73be589754384cbadadc7e1a414c81a166fc9adf2d40c6d"
            ],
            "version": "==0.3"
        },
        "tldextract": {
            "hashes": [
                "sha256:2c1c5d9d454f79734b4f3da0d603856dd9f820753410a3e9abf0a0c9fde33e97",
                "sha256:b72bef6013de67c7fa181250bc2c2e089a994d259c09ca95a9771f2f97e29ed1"
            ],
            "index": "pypi",
            "version": "==2.2.1"
        },
        "tqdm": {
            "hashes": [
                "sha256:0a860bf2683fdbb4812fe539a6c22ea3f1777843ea985cb8c3807db448a0f7ab",
                "sha256:e288416eecd4df19d12407d0c913cbf77aa8009d7fddb18f632aded3bdbdda6b"
            ],
            "index": "pypi",
            "version": "==4.32.1"
        },
        "typing-extensions": {
            "hashes": [
                "sha256:1a9462dcc3347a79b1f1c0271fbe79e844580bb598bafa1ed208b94da3cdcd42",
                "sha256:21c85e0fe4b9a155d0799430b0ad741cdce7e359660ccbd8b530613e8df88ce2"
            ],
            "markers": "python_version < '3.8'",
            "version": "==4.1.1"
        },
        "update-checker": {
            "hashes": [
                "sha256:6a2d45bb4ac585884a6b03f9eade9161cedd9e8111545141e9aa9058932acb13",
                "sha256:cbba64760a36fe2640d80d85306e8fe82b6816659190993b7bdabadee4d4bbfd"
            ],
            "version": "==0.18.0"
        },
        "urllib3": {
            "hashes": [
                "sha256:44ece4d53fb1706f667c9bd1c648f5469a2ec925fcf3a776667042d645472c14",
                "sha256:aabaf16477806a5e1dd19aa41f8c2b7950dd3c746362d7e3223dbe6de6ac448e"
            ],
            "markers": "python_version >= '2.7' and python_version not in '3.0, 3.1, 3.2, 3.3, 3.4' and python_version < '4'",
            "version": "==1.26.9"
        },
        "websocket-client": {
            "hashes": [
                "sha256:074e2ed575e7c822fc0940d31c3ac9bb2b1142c303eafcf3e304e6ce035522e8",
                "sha256:6278a75065395418283f887de7c3beafb3aa68dada5cacbe4b214e8d26da499b"
            ],
            "markers": "python_version >= '3.6'",
            "version": "==1.3.1"
        },
        "zipp": {
            "hashes": [
                "sha256:71c644c5369f4a6e07636f0aa966270449561fcea2e3d6747b8d23efaa9d7832",
                "sha256:9fe5ea21568a0a70e50f273397638d39b03353731e6cbbb3fd8502a33fec40bc"
            ],
            "markers": "python_version >= '3.6'",
            "version": "==3.6.0"
        }
    },
    "develop": {}
}
